
Microsoft Visual Studio Solution File, Format Version 12.00
# Visual Studio 15
VisualStudioVersion = 15.0.28307.438
MinimumVisualStudioVersion = 10.0.40219.1
Project("{2150E333-8FDC-42A3-9474-1A3956D46DE8}") = "src", "src", "{5BDF4B70-8D5F-4BD4-8B10-7D513D1B14D4}"
EndProject
Project("{2150E333-8FDC-42A3-9474-1A3956D46DE8}") = "test", "test", "{168EED74-236A-4DCD-811C-7C7237D3B32F}"
EndProject
Project("{2150E333-8FDC-42A3-9474-1A3956D46DE8}") = "FrontEnd", "FrontEnd", "{36EB3F09-B120-4843-841B-25E50548D9D5}"
EndProject
Project("{2150E333-8FDC-42A3-9474-1A3956D46DE8}") = "Api", "Api", "{C6DF0306-93CD-400B-8178-383B38D6B9D5}"
EndProject
Project("{2150E333-8FDC-42A3-9474-1A3956D46DE8}") = "MicroServices", "MicroServices", "{6EF892A6-3DDA-4FCB-9EE8-0D047ED4E6B2}"
EndProject
Project("{9A19103F-16F7-4668-BE54-9A1E7A4F7556}") = "LinnWorks.Task.WebApi", "src\Api\LinnWorks.Task.WebApi\LinnWorks.Task.WebApi.csproj", "{B1B69ABF-1544-4355-908F-39F566BE64E2}"
EndProject
Project("{9A19103F-16F7-4668-BE54-9A1E7A4F7556}") = "LinnWorks.Task.Web", "src\FrontEnd\LinnWorks.Task.FrontEnd\LinnWorks.Task.Web.csproj", "{0BC7D85C-3952-4D39-9D91-F6F3D676432F}"
EndProject
Project("{9A19103F-16F7-4668-BE54-9A1E7A4F7556}") = "LinnWorks.Task.Services", "src\Api\LinnWorks.Task.Services\LinnWorks.Task.Services.csproj", "{63E73414-6304-493C-980D-9384DF93B02B}"
EndProject
Project("{9A19103F-16F7-4668-BE54-9A1E7A4F7556}") = "LinnWorks.Task.Repositories", "src\Api\LinnWorks.Task.Repositories\LinnWorks.Task.Repositories.csproj", "{4E3A27D2-0804-4AC2-B4C6-A8EE7CF70A4F}"
EndProject
Project("{9A19103F-16F7-4668-BE54-9A1E7A4F7556}") = "LinnWorks.Task.Entities", "src\Api\LinnWorks.Task.Entities\LinnWorks.Task.Entities.csproj", "{B22FCF39-53C0-4E72-847E-B2D41183BAB8}"
EndProject
Project("{9A19103F-16F7-4668-BE54-9A1E7A4F7556}") = "LinnWorks.Task.Common", "src\LinnWorks.Task.Common\LinnWorks.Task.Common.csproj", "{0A9F8625-1425-4F84-828C-D70552D3D914}"
EndProject
Project("{9A19103F-16F7-4668-BE54-9A1E7A4F7556}") = "LinnWorks.Task.Core", "src\LinnWorks.Task.Core\LinnWorks.Task.Core.csproj", "{69054B72-6BB1-4DE3-8E28-91BE9E32DED1}"
EndProject
Project("{9A19103F-16F7-4668-BE54-9A1E7A4F7556}") = "LinnWorks.Task.Dtos", "src\LinnWorks.Task.Dtos\LinnWorks.Task.Dtos.csproj", "{3AA0369C-ACF3-43F8-AF2D-84C490036CDD}"
EndProject
Project("{9A19103F-16F7-4668-BE54-9A1E7A4F7556}") = "LinnWorks.Task.Mapper", "src\LinnWorks.Task.Mapper\LinnWorks.Task.Mapper.csproj", "{AF010482-0B3C-43D8-8735-606EC3A88AAC}"
EndProject
Project("{2150E333-8FDC-42A3-9474-1A3956D46DE8}") = "FrontEnd", "FrontEnd", "{C7582F62-785A-485E-B1CF-8F57AE310E13}"
EndProject
Project("{2150E333-8FDC-42A3-9474-1A3956D46DE8}") = "Api", "Api", "{BFAB60CB-B92F-4FEE-93E3-8F52AC384C5A}"
EndProject
Project("{9A19103F-16F7-4668-BE54-9A1E7A4F7556}") = "LinnWorks.Task.WebApi.Tests", "test\Api\LinnWorks.Task.WebApi.Tests\LinnWorks.Task.WebApi.Tests.csproj", "{5F1A8FFA-C236-4A64-BAAD-F1F856F7E368}"
EndProject
Project("{9A19103F-16F7-4668-BE54-9A1E7A4F7556}") = "LinnWorks.Task.Services.Tests", "test\Api\LinnWorks.Task.Services.Tests\LinnWorks.Task.Services.Tests.csproj", "{CEC1C34F-695D-4953-8D11-A258C0CB128B}"
EndProject
Project("{9A19103F-16F7-4668-BE54-9A1E7A4F7556}") = "LinnWorks.Task.FrontEnd.Tests", "test\FrontEnd\LinnWorks.Task.FrontEnd.Tests\LinnWorks.Task.FrontEnd.Tests.csproj", "{F442B633-5279-4F66-84AF-24D9C1686C11}"
EndProject
Project("{9A19103F-16F7-4668-BE54-9A1E7A4F7556}") = "LinnWorks.Queue.MicroService", "src\MicroServices\LinnWorks.Queue.MicroService\LinnWorks.Queue.MicroService.csproj", "{5773B202-2E3D-4762-81E8-8F57A24C2169}"
EndProject
Project("{9A19103F-16F7-4668-BE54-9A1E7A4F7556}") = "LinnWorks.AWS", "src\LinnWorks.Redis\LinnWorks.AWS.csproj", "{7993994F-EDF1-4289-BAEE-898D3DD8630C}"
EndProject
Project("{2150E333-8FDC-42A3-9474-1A3956D46DE8}") = "MicroServices", "MicroServices", "{DD0BB530-3998-465B-8AAA-29E6DD585919}"
EndProject
Project("{9A19103F-16F7-4668-BE54-9A1E7A4F7556}") = "LinnWorks.Task.ExcelReader", "src\LinnWorks.Task.ExcelReader\LinnWorks.Task.ExcelReader.csproj", "{BDAA5E44-125D-454E-8229-16C5C33F5CB2}"
EndProject
Project("{9A19103F-16F7-4668-BE54-9A1E7A4F7556}") = "LinnWorks.Task.ExcelReader.Tests", "test\LinnWorks.Task.ExcelReader.Tests\LinnWorks.Task.ExcelReader.Tests.csproj", "{E6AC07D6-9853-41AF-8EC9-2FE48BA8B8B8}"
EndProject
Project("{2150E333-8FDC-42A3-9474-1A3956D46DE8}") = "SolutionItems", "SolutionItems", "{C83D2731-2065-4C27-9E7A-947590D1F60B}"
EndProject
Project("{2150E333-8FDC-42A3-9474-1A3956D46DE8}") = "Scripts", "Scripts", "{AA2D0DB5-DDEF-49F5-A600-34F37574A57F}"
	ProjectSection(SolutionItems) = preProject
		SolutionItems\Scripts\Run.Web.cmd = SolutionItems\Scripts\Run.Web.cmd
		SolutionItems\Scripts\Run.WebAPI.cmd = SolutionItems\Scripts\Run.WebAPI.cmd
	EndProjectSection
EndProject
Project("{2150E333-8FDC-42A3-9474-1A3956D46DE8}") = "tool", "tool", "{9496B383-CBAC-45A3-B9E3-C8506359B337}"
EndProject
Project("{9A19103F-16F7-4668-BE54-9A1E7A4F7556}") = "LinnWorks.Task.TestDataGenerator", "tool\LinnWorks.Task.TestDataGenerator\LinnWorks.Task.TestDataGenerator.csproj", "{5262268E-80BF-4D2D-ACC6-BA7F98B67227}"
EndProject
Project("{9A19103F-16F7-4668-BE54-9A1E7A4F7556}") = "LinnWorks.AWS.SecretsManager", "src\LinnWorks.AWS.SecretManager\LinnWorks.AWS.SecretsManager.csproj", "{B0E227A6-8078-43C7-B8B5-CACBCD64C3E3}"
EndProject
Project("{9A19103F-16F7-4668-BE54-9A1E7A4F7556}") = "LinnWorks.Processor.MicroService", "src\MicroServices\LinnWorks.Processor.MicroService\LinnWorks.Processor.MicroService.csproj", "{A7E4C645-3795-4F12-BE94-EEE824DE9C3F}"
EndProject
Project("{9A19103F-16F7-4668-BE54-9A1E7A4F7556}") = "LinnWorks.Processor.MicroService.Tests", "src\MicroServices\LinnWorks.Processor.MicroService.Tests\LinnWorks.Processor.MicroService.Tests.csproj", "{C81293D6-0288-4C57-88B1-27862DC8E117}"
EndProject
Project("{FAE04EC0-301F-11D3-BF4B-00C04F79EFBC}") = "LinnWorks.Task.DtosBuilder", "test\LinnWorks.Task.DtosBuilder\LinnWorks.Task.DtosBuilder.csproj", "{8FF7879A-28DD-40CE-B281-755773C1A356}"
EndProject
Project("{FAE04EC0-301F-11D3-BF4B-00C04F79EFBC}") = "LinnWorks.Queue.MicroService.Tests", "test\MicroServices\LinnWorks.Queue.MicroService.Tests\LinnWorks.Queue.MicroService.Tests.csproj", "{4FC844CA-72D9-40AC-ADD8-464F8C7DB0D7}"
EndProject
Global
	GlobalSection(SolutionConfigurationPlatforms) = preSolution
		Debug|Any CPU = Debug|Any CPU
		Release|Any CPU = Release|Any CPU
	EndGlobalSection
	GlobalSection(ProjectConfigurationPlatforms) = postSolution
		{B1B69ABF-1544-4355-908F-39F566BE64E2}.Debug|Any CPU.ActiveCfg = Debug|Any CPU
		{B1B69ABF-1544-4355-908F-39F566BE64E2}.Debug|Any CPU.Build.0 = Debug|Any CPU
		{B1B69ABF-1544-4355-908F-39F566BE64E2}.Release|Any CPU.ActiveCfg = Release|Any CPU
		{B1B69ABF-1544-4355-908F-39F566BE64E2}.Release|Any CPU.Build.0 = Release|Any CPU
		{0BC7D85C-3952-4D39-9D91-F6F3D676432F}.Debug|Any CPU.ActiveCfg = Debug|Any CPU
		{0BC7D85C-3952-4D39-9D91-F6F3D676432F}.Debug|Any CPU.Build.0 = Debug|Any CPU
		{0BC7D85C-3952-4D39-9D91-F6F3D676432F}.Release|Any CPU.ActiveCfg = Release|Any CPU
		{0BC7D85C-3952-4D39-9D91-F6F3D676432F}.Release|Any CPU.Build.0 = Release|Any CPU
		{63E73414-6304-493C-980D-9384DF93B02B}.Debug|Any CPU.ActiveCfg = Debug|Any CPU
		{63E73414-6304-493C-980D-9384DF93B02B}.Debug|Any CPU.Build.0 = Debug|Any CPU
		{63E73414-6304-493C-980D-9384DF93B02B}.Release|Any CPU.ActiveCfg = Release|Any CPU
		{63E73414-6304-493C-980D-9384DF93B02B}.Release|Any CPU.Build.0 = Release|Any CPU
		{4E3A27D2-0804-4AC2-B4C6-A8EE7CF70A4F}.Debug|Any CPU.ActiveCfg = Debug|Any CPU
		{4E3A27D2-0804-4AC2-B4C6-A8EE7CF70A4F}.Debug|Any CPU.Build.0 = Debug|Any CPU
		{4E3A27D2-0804-4AC2-B4C6-A8EE7CF70A4F}.Release|Any CPU.ActiveCfg = Release|Any CPU
		{4E3A27D2-0804-4AC2-B4C6-A8EE7CF70A4F}.Release|Any CPU.Build.0 = Release|Any CPU
		{B22FCF39-53C0-4E72-847E-B2D41183BAB8}.Debug|Any CPU.ActiveCfg = Debug|Any CPU
		{B22FCF39-53C0-4E72-847E-B2D41183BAB8}.Debug|Any CPU.Build.0 = Debug|Any CPU
		{B22FCF39-53C0-4E72-847E-B2D41183BAB8}.Release|Any CPU.ActiveCfg = Release|Any CPU
		{B22FCF39-53C0-4E72-847E-B2D41183BAB8}.Release|Any CPU.Build.0 = Release|Any CPU
		{0A9F8625-1425-4F84-828C-D70552D3D914}.Debug|Any CPU.ActiveCfg = Debug|Any CPU
		{0A9F8625-1425-4F84-828C-D70552D3D914}.Debug|Any CPU.Build.0 = Debug|Any CPU
		{0A9F8625-1425-4F84-828C-D70552D3D914}.Release|Any CPU.ActiveCfg = Release|Any CPU
		{0A9F8625-1425-4F84-828C-D70552D3D914}.Release|Any CPU.Build.0 = Release|Any CPU
		{69054B72-6BB1-4DE3-8E28-91BE9E32DED1}.Debug|Any CPU.ActiveCfg = Debug|Any CPU
		{69054B72-6BB1-4DE3-8E28-91BE9E32DED1}.Debug|Any CPU.Build.0 = Debug|Any CPU
		{69054B72-6BB1-4DE3-8E28-91BE9E32DED1}.Release|Any CPU.ActiveCfg = Release|Any CPU
		{69054B72-6BB1-4DE3-8E28-91BE9E32DED1}.Release|Any CPU.Build.0 = Release|Any CPU
		{3AA0369C-ACF3-43F8-AF2D-84C490036CDD}.Debug|Any CPU.ActiveCfg = Debug|Any CPU
		{3AA0369C-ACF3-43F8-AF2D-84C490036CDD}.Debug|Any CPU.Build.0 = Debug|Any CPU
		{3AA0369C-ACF3-43F8-AF2D-84C490036CDD}.Release|Any CPU.ActiveCfg = Release|Any CPU
		{3AA0369C-ACF3-43F8-AF2D-84C490036CDD}.Release|Any CPU.Build.0 = Release|Any CPU
		{AF010482-0B3C-43D8-8735-606EC3A88AAC}.Debug|Any CPU.ActiveCfg = Debug|Any CPU
		{AF010482-0B3C-43D8-8735-606EC3A88AAC}.Debug|Any CPU.Build.0 = Debug|Any CPU
		{AF010482-0B3C-43D8-8735-606EC3A88AAC}.Release|Any CPU.ActiveCfg = Release|Any CPU
		{AF010482-0B3C-43D8-8735-606EC3A88AAC}.Release|Any CPU.Build.0 = Release|Any CPU
		{5F1A8FFA-C236-4A64-BAAD-F1F856F7E368}.Debug|Any CPU.ActiveCfg = Debug|Any CPU
		{5F1A8FFA-C236-4A64-BAAD-F1F856F7E368}.Debug|Any CPU.Build.0 = Debug|Any CPU
		{5F1A8FFA-C236-4A64-BAAD-F1F856F7E368}.Release|Any CPU.ActiveCfg = Release|Any CPU
		{5F1A8FFA-C236-4A64-BAAD-F1F856F7E368}.Release|Any CPU.Build.0 = Release|Any CPU
		{CEC1C34F-695D-4953-8D11-A258C0CB128B}.Debug|Any CPU.ActiveCfg = Debug|Any CPU
		{CEC1C34F-695D-4953-8D11-A258C0CB128B}.Debug|Any CPU.Build.0 = Debug|Any CPU
		{CEC1C34F-695D-4953-8D11-A258C0CB128B}.Release|Any CPU.ActiveCfg = Release|Any CPU
		{CEC1C34F-695D-4953-8D11-A258C0CB128B}.Release|Any CPU.Build.0 = Release|Any CPU
		{F442B633-5279-4F66-84AF-24D9C1686C11}.Debug|Any CPU.ActiveCfg = Debug|Any CPU
		{F442B633-5279-4F66-84AF-24D9C1686C11}.Debug|Any CPU.Build.0 = Debug|Any CPU
		{F442B633-5279-4F66-84AF-24D9C1686C11}.Release|Any CPU.ActiveCfg = Release|Any CPU
		{F442B633-5279-4F66-84AF-24D9C1686C11}.Release|Any CPU.Build.0 = Release|Any CPU
		{5773B202-2E3D-4762-81E8-8F57A24C2169}.Debug|Any CPU.ActiveCfg = Debug|Any CPU
		{5773B202-2E3D-4762-81E8-8F57A24C2169}.Debug|Any CPU.Build.0 = Debug|Any CPU
		{5773B202-2E3D-4762-81E8-8F57A24C2169}.Release|Any CPU.ActiveCfg = Release|Any CPU
		{5773B202-2E3D-4762-81E8-8F57A24C2169}.Release|Any CPU.Build.0 = Release|Any CPU
		{7993994F-EDF1-4289-BAEE-898D3DD8630C}.Debug|Any CPU.ActiveCfg = Debug|Any CPU
		{7993994F-EDF1-4289-BAEE-898D3DD8630C}.Debug|Any CPU.Build.0 = Debug|Any CPU
		{7993994F-EDF1-4289-BAEE-898D3DD8630C}.Release|Any CPU.ActiveCfg = Release|Any CPU
		{7993994F-EDF1-4289-BAEE-898D3DD8630C}.Release|Any CPU.Build.0 = Release|Any CPU
		{BDAA5E44-125D-454E-8229-16C5C33F5CB2}.Debug|Any CPU.ActiveCfg = Debug|Any CPU
		{BDAA5E44-125D-454E-8229-16C5C33F5CB2}.Debug|Any CPU.Build.0 = Debug|Any CPU
		{BDAA5E44-125D-454E-8229-16C5C33F5CB2}.Release|Any CPU.ActiveCfg = Release|Any CPU
		{BDAA5E44-125D-454E-8229-16C5C33F5CB2}.Release|Any CPU.Build.0 = Release|Any CPU
		{E6AC07D6-9853-41AF-8EC9-2FE48BA8B8B8}.Debug|Any CPU.ActiveCfg = Debug|Any CPU
		{E6AC07D6-9853-41AF-8EC9-2FE48BA8B8B8}.Debug|Any CPU.Build.0 = Debug|Any CPU
		{E6AC07D6-9853-41AF-8EC9-2FE48BA8B8B8}.Release|Any CPU.ActiveCfg = Release|Any CPU
		{E6AC07D6-9853-41AF-8EC9-2FE48BA8B8B8}.Release|Any CPU.Build.0 = Release|Any CPU
		{5262268E-80BF-4D2D-ACC6-BA7F98B67227}.Debug|Any CPU.ActiveCfg = Debug|Any CPU
		{5262268E-80BF-4D2D-ACC6-BA7F98B67227}.Debug|Any CPU.Build.0 = Debug|Any CPU
		{5262268E-80BF-4D2D-ACC6-BA7F98B67227}.Release|Any CPU.ActiveCfg = Release|Any CPU
		{5262268E-80BF-4D2D-ACC6-BA7F98B67227}.Release|Any CPU.Build.0 = Release|Any CPU
		{B0E227A6-8078-43C7-B8B5-CACBCD64C3E3}.Debug|Any CPU.ActiveCfg = Debug|Any CPU
		{B0E227A6-8078-43C7-B8B5-CACBCD64C3E3}.Debug|Any CPU.Build.0 = Debug|Any CPU
		{B0E227A6-8078-43C7-B8B5-CACBCD64C3E3}.Release|Any CPU.ActiveCfg = Release|Any CPU
		{B0E227A6-8078-43C7-B8B5-CACBCD64C3E3}.Release|Any CPU.Build.0 = Release|Any CPU
		{A7E4C645-3795-4F12-BE94-EEE824DE9C3F}.Debug|Any CPU.ActiveCfg = Debug|Any CPU
		{A7E4C645-3795-4F12-BE94-EEE824DE9C3F}.Debug|Any CPU.Build.0 = Debug|Any CPU
		{A7E4C645-3795-4F12-BE94-EEE824DE9C3F}.Release|Any CPU.ActiveCfg = Release|Any CPU
		{A7E4C645-3795-4F12-BE94-EEE824DE9C3F}.Release|Any CPU.Build.0 = Release|Any CPU
		{C81293D6-0288-4C57-88B1-27862DC8E117}.Debug|Any CPU.ActiveCfg = Debug|Any CPU
		{C81293D6-0288-4C57-88B1-27862DC8E117}.Debug|Any CPU.Build.0 = Debug|Any CPU
		{C81293D6-0288-4C57-88B1-27862DC8E117}.Release|Any CPU.ActiveCfg = Release|Any CPU
		{C81293D6-0288-4C57-88B1-27862DC8E117}.Release|Any CPU.Build.0 = Release|Any CPU
		{8FF7879A-28DD-40CE-B281-755773C1A356}.Debug|Any CPU.ActiveCfg = Debug|Any CPU
		{8FF7879A-28DD-40CE-B281-755773C1A356}.Debug|Any CPU.Build.0 = Debug|Any CPU
		{8FF7879A-28DD-40CE-B281-755773C1A356}.Release|Any CPU.ActiveCfg = Release|Any CPU
		{8FF7879A-28DD-40CE-B281-755773C1A356}.Release|Any CPU.Build.0 = Release|Any CPU
		{4FC844CA-72D9-40AC-ADD8-464F8C7DB0D7}.Debug|Any CPU.ActiveCfg = Debug|Any CPU
		{4FC844CA-72D9-40AC-ADD8-464F8C7DB0D7}.Debug|Any CPU.Build.0 = Debug|Any CPU
		{4FC844CA-72D9-40AC-ADD8-464F8C7DB0D7}.Release|Any CPU.ActiveCfg = Release|Any CPU
		{4FC844CA-72D9-40AC-ADD8-464F8C7DB0D7}.Release|Any CPU.Build.0 = Release|Any CPU
	EndGlobalSection
	GlobalSection(SolutionProperties) = preSolution
		HideSolutionNode = FALSE
	EndGlobalSection
	GlobalSection(NestedProjects) = preSolution
		{36EB3F09-B120-4843-841B-25E50548D9D5} = {5BDF4B70-8D5F-4BD4-8B10-7D513D1B14D4}
		{C6DF0306-93CD-400B-8178-383B38D6B9D5} = {5BDF4B70-8D5F-4BD4-8B10-7D513D1B14D4}
		{6EF892A6-3DDA-4FCB-9EE8-0D047ED4E6B2} = {5BDF4B70-8D5F-4BD4-8B10-7D513D1B14D4}
		{B1B69ABF-1544-4355-908F-39F566BE64E2} = {C6DF0306-93CD-400B-8178-383B38D6B9D5}
		{0BC7D85C-3952-4D39-9D91-F6F3D676432F} = {36EB3F09-B120-4843-841B-25E50548D9D5}
		{63E73414-6304-493C-980D-9384DF93B02B} = {C6DF0306-93CD-400B-8178-383B38D6B9D5}
		{4E3A27D2-0804-4AC2-B4C6-A8EE7CF70A4F} = {C6DF0306-93CD-400B-8178-383B38D6B9D5}
		{B22FCF39-53C0-4E72-847E-B2D41183BAB8} = {C6DF0306-93CD-400B-8178-383B38D6B9D5}
		{0A9F8625-1425-4F84-828C-D70552D3D914} = {5BDF4B70-8D5F-4BD4-8B10-7D513D1B14D4}
		{69054B72-6BB1-4DE3-8E28-91BE9E32DED1} = {5BDF4B70-8D5F-4BD4-8B10-7D513D1B14D4}
		{3AA0369C-ACF3-43F8-AF2D-84C490036CDD} = {5BDF4B70-8D5F-4BD4-8B10-7D513D1B14D4}
		{AF010482-0B3C-43D8-8735-606EC3A88AAC} = {5BDF4B70-8D5F-4BD4-8B10-7D513D1B14D4}
		{C7582F62-785A-485E-B1CF-8F57AE310E13} = {168EED74-236A-4DCD-811C-7C7237D3B32F}
		{BFAB60CB-B92F-4FEE-93E3-8F52AC384C5A} = {168EED74-236A-4DCD-811C-7C7237D3B32F}
		{5F1A8FFA-C236-4A64-BAAD-F1F856F7E368} = {BFAB60CB-B92F-4FEE-93E3-8F52AC384C5A}
		{CEC1C34F-695D-4953-8D11-A258C0CB128B} = {BFAB60CB-B92F-4FEE-93E3-8F52AC384C5A}
		{F442B633-5279-4F66-84AF-24D9C1686C11} = {C7582F62-785A-485E-B1CF-8F57AE310E13}
		{5773B202-2E3D-4762-81E8-8F57A24C2169} = {6EF892A6-3DDA-4FCB-9EE8-0D047ED4E6B2}
		{7993994F-EDF1-4289-BAEE-898D3DD8630C} = {5BDF4B70-8D5F-4BD4-8B10-7D513D1B14D4}
		{DD0BB530-3998-465B-8AAA-29E6DD585919} = {168EED74-236A-4DCD-811C-7C7237D3B32F}
		{BDAA5E44-125D-454E-8229-16C5C33F5CB2} = {5BDF4B70-8D5F-4BD4-8B10-7D513D1B14D4}
		{E6AC07D6-9853-41AF-8EC9-2FE48BA8B8B8} = {168EED74-236A-4DCD-811C-7C7237D3B32F}
		{AA2D0DB5-DDEF-49F5-A600-34F37574A57F} = {C83D2731-2065-4C27-9E7A-947590D1F60B}
		{5262268E-80BF-4D2D-ACC6-BA7F98B67227} = {9496B383-CBAC-45A3-B9E3-C8506359B337}
		{B0E227A6-8078-43C7-B8B5-CACBCD64C3E3} = {5BDF4B70-8D5F-4BD4-8B10-7D513D1B14D4}
		{A7E4C645-3795-4F12-BE94-EEE824DE9C3F} = {6EF892A6-3DDA-4FCB-9EE8-0D047ED4E6B2}
		{C81293D6-0288-4C57-88B1-27862DC8E117} = {DD0BB530-3998-465B-8AAA-29E6DD585919}
		{8FF7879A-28DD-40CE-B281-755773C1A356} = {168EED74-236A-4DCD-811C-7C7237D3B32F}
		{4FC844CA-72D9-40AC-ADD8-464F8C7DB0D7} = {DD0BB530-3998-465B-8AAA-29E6DD585919}
	EndGlobalSection
	GlobalSection(ExtensibilityGlobals) = postSolution
		SolutionGuid = {898533A2-89E0-4153-A05A-C307CE317DF6}
	EndGlobalSection
EndGlobal
